<Solution>
  <Project Path="Convai.Transport.Native.csproj" />
  <Project Path="Convai.Modules.Gaze.csproj" />
  <Project Path="Convai.Runtime.csproj" />
  <Project Path="Unity.XR.Interaction.Toolkit.Samples.StarterAssets.csproj" />
  <Project Path="Convai.Tests.EditMode.csproj" />
  <Project Path="LiveKit.csproj" />
  <Project Path="Convai.Modules.ConversationFlow.csproj" />
  <Project Path="Convai.Runtime.UI.csproj" />
  <Project Path="Convai.Modules.LipSync.csproj" />
  <Project Path="Convai.Domain.csproj" />
  <Project Path="Convai.Sample.Camera.csproj" />
  <Project Path="Unity.XR.Hands.Samples.VisualizerSample.csproj" />
  <Project Path="Assembly-CSharp.csproj" />
  <Project Path="Convai.Tests.PlayMode.csproj" />
  <Project Path="Convai.Domain.Embodiment.csproj" />
  <Project Path="Convai.Transport.WebGL.csproj" />
  <Project Path="LiveKitBridge.csproj" />
  <Project Path="Convai.Editor.Embodiment.csproj" />
  <Project Path="Convai.Modules.Emotion.csproj" />
  <Project Path="Unity.XR.Interaction.Toolkit.Samples.Hands.csproj" />
  <Project Path="Convai.RestAPI.csproj" />
  <Project Path="Convai.Sample.csproj" />
  <Project Path="Convai.Modules.DialogueAnimation.csproj" />
  <Project Path="Convai.Editor.csproj" />
  <Project Path="Convai.Modules.Narrative.csproj" />
  <Project Path="Convai.Shared.Unity.csproj" />
  <Project Path="Editor.csproj" />
  <Project Path="Convai.Modules.FacialAnimation.csproj" />
  <Project Path="Convai.Sample.Camera.Tests.EditMode.csproj" />
  <Project Path="Convai.Modules.Vision.csproj" />
  <Project Path="Convai.Modules.Attention.csproj" />
  <Project Path="Reallusion.CCiC.Editor.csproj" />
  <Project Path="Unity.XR.Interaction.Toolkit.Samples.InteractionSimulator.csproj" />
  <Project Path="Unity.XR.Interaction.Toolkit.Samples.InteractionSimulator.Editor.csproj" />
  <Project Path="Convai.Modules.DialogueAnimation.Editor.csproj" />
  <Project Path="Unity.XR.Interaction.Toolkit.Samples.StarterAssets.Editor.csproj" />
  <Project Path="Convai.Modules.Embodiment.csproj" />
  <Project Path="Reallusion.CCiC.Runtime.csproj" />
  <Project Path="Unity.XR.Interaction.Toolkit.Samples.Hands.Editor.csproj" />
</Solution>
